// !$*UTF8*$!
{
	archiveVersion = 1;
	classes = {
	};
	objectVersion = 48;
	objects = {

/* Begin PBXBuildFile section */
		428B47501F79FF470069B415 /* BorderButton.swift in Sources */ = {isa = PBXBuildFile; fileRef = 428B474F1F79FF470069B415 /* BorderButton.swift */; };
		42BFCC711F79FC1100C0986D /* AppDelegate.swift in Sources */ = {isa = PBXBuildFile; fileRef = 42BFCC701F79FC1100C0986D /* AppDelegate.swift */; };
		42BFCC731F79FC1100C0986D /* ViewController.swift in Sources */ = {isa = PBXBuildFile; fileRef = 42BFCC721F79FC1100C0986D /* ViewController.swift */; };
		42BFCC761F79FC1100C0986D /* Main.storyboard in Resources */ = {isa = PBXBuildFile; fileRef = 42BFCC741F79FC1100C0986D /* Main.storyboard */; };
		42BFCC781F79FC1100C0986D /* Assets.xcassets in Resources */ = {isa = PBXBuildFile; fileRef = 42BFCC771F79FC1100C0986D /* Assets.xcassets */; };
		42BFCC7B1F79FC1100C0986D /* LaunchScreen.storyboard in Resources */ = {isa = PBXBuildFile; fileRef = 42BFCC791F79FC1100C0986D /* LaunchScreen.storyboard */; };
/* End PBXBuildFile section */

/* Begin PBXFileReference section */
		428B474F1F79FF470069B415 /* BorderButton.swift */ = {isa = PBXFileReference; lastKnownFileType = sourcecode.swift; path = BorderButton.swift; sourceTree = "<group>"; };
		42BFCC6D1F79FC1100C0986D /* app swoosh.app */ = {isa = PBXFileReference; explicitFileType = wrapper.application; includeInIndex = 0; path = "app swoosh.app"; sourceTree = BUILT_PRODUCTS_DIR; };
		42BFCC701F79FC1100C0986D /* AppDelegate.swift */ = {isa = PBXFileReference; lastKnownFileType = sourcecode.swift; path = AppDelegate.swift; sourceTree = "<group>"; };
		42BFCC721F79FC1100C0986D /* ViewController.swift */ = {isa = PBXFileReference; lastKnownFileType = sourcecode.swift; path = ViewController.swift; sourceTree = "<group>"; };
		42BFCC751F79FC1100C0986D /* Base */ = {isa = PBXFileReference; lastKnownFileType = file.storyboard; name = Base; path = Base.lproj/Main.storyboard; sourceTree = "<group>"; };
		42BFCC771F79FC1100C0986D /* Assets.xcassets */ = {isa = PBXFileReference; lastKnownFileType = folder.assetcatalog; path = Assets.xcassets; sourceTree = "<group>"; };
		42BFCC7A1F79FC1100C0986D /* Base */ = {isa = PBXFileReference; lastKnownFileType = file.storyboard; name = Base; path = Base.lproj/LaunchScreen.storyboard; sourceTree = "<group>"; };
		42BFCC7C1F79FC1100C0986D /* Info.plist */ = {isa = PBXFileReference; lastKnownFileType = text.plist.xml; path = Info.plist; sourceTree = "<group>"; };
/* End PBXFileReference section */

/* Begin PBXFrameworksBuildPhase section */
		42BFCC6A1F79FC1100C0986D /* Frameworks */ = {
			isa = PBXFrameworksBuildPhase;
			buildActionMask = 2147483647;
			files = (
			);
			runOnlyForDeploymentPostprocessing = 0;
		};
/* End PBXFrameworksBuildPhase section */

/* Begin PBXGroup section */
		428B474E1F79FF1E0069B415 /* Views */ = {
			isa = PBXGroup;
			children = (
				428B474F1F79FF470069B415 /* BorderButton.swift */,
			);
			path = Views;
			sourceTree = "<group>";
		};
		42BFCC641F79FC1100C0986D = {
			isa = PBXGroup;
			children = (
				42BFCC6F1F79FC1100C0986D /* app swoosh */,
				42BFCC6E1F79FC1100C0986D /* Products */,
			);
			sourceTree = "<group>";
		};
		42BFCC6E1F79FC1100C0986D /* Products */ = {
			isa = PBXGroup;
			children = (
				42BFCC6D1F79FC1100C0986D /* app swoosh.app */,
			);
			name = Products;
			sourceTree = "<group>";
		};
		42BFCC6F1F79FC1100C0986D /* app swoosh */ = {
			isa = PBXGroup;
			children = (
				428B474E1F79FF1E0069B415 /* Views */,
				42BFCC701F79FC1100C0986D /* AppDelegate.swift */,
				42BFCC721F79FC1100C0986D /* ViewController.swift */,
				42BFCC741F79FC1100C0986D /* Main.storyboard */,
				42BFCC771F79FC1100C0986D /* Assets.xcassets */,
				42BFCC791F79FC1100C0986D /* LaunchScreen.storyboard */,
				42BFCC7C1F79FC1100C0986D /* Info.plist */,
			);
			path = "app swoosh";
			sourceTree = "<group>";
		};
/* End PBXGroup section */

/* Begin PBXNativeTarget section */
		42BFCC6C1F79FC1100C0986D /* app swoosh */ = {
			isa = PBXNativeTarget;
			buildConfigurationList = 42BFCC7F1F79FC1100C0986D /* Build configuration list for PBXNativeTarget "app swoosh" */;
			buildPhases = (
				42BFCC691F79FC1100C0986D /* Sources */,
				42BFCC6A1F79FC1100C0986D /* Frameworks */,
				42BFCC6B1F79FC1100C0986D /* Resources */,
			);
			buildRules = (
			);
			dependencies = (
			);
			name = "app swoosh";
			productName = "app swoosh";
			productReference = 42BFCC6D1F79FC1100C0986D /* app swoosh.app */;
			productType = "com.apple.product-type.application";
		};
/* End PBXNativeTarget section */

/* Begin PBXProject section */
		42BFCC651F79FC1100C0986D /* Project object */ = {
			isa = PBXProject;
			attributes = {
				LastSwiftUpdateCheck = 0900;
				LastUpgradeCheck = 0900;
				ORGANIZATIONNAME = "Joshua Dance";
				TargetAttributes = {
					42BFCC6C1F79FC1100C0986D = {
						CreatedOnToolsVersion = 9.0;
						ProvisioningStyle = Automatic;
					};
				};
			};
			buildConfigurationList = 42BFCC681F79FC1100C0986D /* Build configuration list for PBXProject "app swoosh" */;
			compatibilityVersion = "Xcode 8.0";
			developmentRegion = en;
			hasScannedForEncodings = 0;
			knownRegions = (
				en,
				Base,
			);
			mainGroup = 42BFCC641F79FC1100C0986D;
			productRefGroup = 42BFCC6E1F79FC1100C0986D /* Products */;
			projectDirPath = "";
			projectRoot = "";
			targets = (
				42BFCC6C1F79FC1100C0986D /* app swoosh */,
			);
		};
/* End PBXProject section */

/* Begin PBXResourcesBuildPhase section */
		42BFCC6B1F79FC1100C0986D /* Resources */ = {
			isa = PBXResourcesBuildPhase;
			buildActionMask = 2147483647;
			files = (
				42BFCC7B1F79FC1100C0986D /* LaunchScreen.storyboard in Resources */,
				42BFCC781F79FC1100C0986D /* Assets.xcassets in Resources */,
				42BFCC761F79FC1100C0986D /* Main.storyboard in Resources */,
			);
			runOnlyForDeploymentPostprocessing = 0;
		};
/* End PBXResourcesBuildPhase section */

/* Begin PBXSourcesBuildPhase section */
		42BFCC691F79FC1100C0986D /* Sources */ = {
			isa = PBXSourcesBuildPhase;
			buildActionMask = 2147483647;
			files = (
				42BFCC731F79FC1100C0986D /* ViewController.swift in Sources */,
				42BFCC711F79FC1100C0986D /* AppDelegate.swift in Sources */,
				428B47501F79FF470069B415 /* BorderButton.swift in Sources */,
			);
			runOnlyForDeploymentPostprocessing = 0;
		};
/* End PBXSourcesBuildPhase section */

/* Begin PBXVariantGroup section */
		42BFCC741F79FC1100C0986D /* Main.storyboard */ = {
			isa = PBXVariantGroup;
			children = (
				42BFCC751F79FC1100C0986D /* Base */,
			);
			name = Main.storyboard;
			sourceTree = "<group>";
		};
		42BFCC791F79FC1100C0986D /* LaunchScreen.storyboard */ = {
			isa = PBXVariantGroup;
			children = (
				42BFCC7A1F79FC1100C0986D /* Base */,
			);
			name = LaunchScreen.storyboard;
			sourceTree = "<group>";
		};
/* End PBXVariantGroup section */

/* Begin XCBuildConfiguration section */
		42BFCC7D1F79FC1100C0986D /* Debug */ = {
			isa = XCBuildConfiguration;
			buildSettings = {
				ALWAYS_SEARCH_USER_PATHS = NO;
				CLANG_ANALYZER_NONNULL = YES;
				CLANG_ANALYZER_NUMBER_OBJECT_CONVERSION = YES_AGGRESSIVE;
				CLANG_CXX_LANGUAGE_STANDARD = "gnu++14";
				CLANG_CXX_LIBRARY = "libc++";
				CLANG_ENABLE_MODULES = YES;
				CLANG_ENABLE_OBJC_ARC = YES;
				CLANG_WARN_BLOCK_CAPTURE_AUTORELEASING = YES;
				CLANG_WARN_BOOL_CONVERSION = YES;
				CLANG_WARN_COMMA = YES;
				CLANG_WARN_CONSTANT_CONVERSION = YES;
				CLANG_WARN_DIRECT_OBJC_ISA_USAGE = YES_ERROR;
				CLANG_WARN_DOCUMENTATION_COMMENTS = YES;
				CLANG_WARN_EMPTY_BODY = YES;
				CLANG_WARN_ENUM_CONVERSION = YES;
				CLANG_WARN_INFINITE_RECURSION = YES;
				CLANG_WARN_INT_CONVERSION = YES;
				CLANG_WARN_NON_LITERAL_NULL_CONVERSION = YES;
				CLANG_WARN_OBJC_LITERAL_CONVERSION = YES;
				CLANG_WARN_OBJC_ROOT_CLASS = YES_ERROR;
				CLANG_WARN_RANGE_LOOP_ANALYSIS = YES;
				CLANG_WARN_STRICT_PROTOTYPES = YES;
				CLANG_WARN_SUSPICIOUS_MOVE = YES;
				CLANG_WARN_UNGUARDED_AVAILABILITY = YES_AGGRESSIVE;
				CLANG_WARN_UNREACHABLE_CODE = YES;
				CLANG_WARN__DUPLICATE_METHOD_MATCH = YES;
				CODE_SIGN_IDENTITY = "iPhone Developer";
				COPY_PHASE_STRIP = NO;
				DEBUG_INFORMATION_FORMAT = dwarf;
				ENABLE_STRICT_OBJC_MSGSEND = YES;
				ENABLE_TESTABILITY = YES;
				GCC_C_LANGUAGE_STANDARD = gnu11;
				GCC_DYNAMIC_NO_PIC = NO;
				GCC_NO_COMMON_BLOCKS = YES;
				GCC_OPTIMIZATION_LEVEL = 0;
				GCC_PREPROCESSOR_DEFINITIONS = (
					"DEBUG=1",
					"$(inherited)",
				);
				GCC_WARN_64_TO_32_BIT_CONVERSION = YES;
				GCC_WARN_ABOUT_RETURN_TYPE = YES_ERROR;
				GCC_WARN_UNDECLARED_SELECTOR = YES;
				GCC_WARN_UNINITIALIZED_AUTOS = YES_AGGRESSIVE;
				GCC_WARN_UNUSED_FUNCTION = YES;
				GCC_WARN_UNUSED_VARIABLE = YES;
				IPHONEOS_DEPLOYMENT_TARGET = 11.0;
				MTL_ENABLE_DEBUG_INFO = YES;
				ONLY_ACTIVE_ARCH = YES;
				SDKROOT = iphoneos;
				SWIFT_ACTIVE_COMPILATION_CONDITIONS = DEBUG;
				SWIFT_OPTIMIZATION_LEVEL = "-Onone";
			};
			name = Debug;
		};
		42BFCC7E1F79FC1100C0986D /* Release */ = {
			isa = XCBuildConfiguration;
			buildSettings = {
				ALWAYS_SEARCH_USER_PATHS = NO;
				CLANG_ANALYZER_NONNULL = YES;
				CLANG_ANALYZER_NUMBER_OBJECT_CONVERSION = YES_AGGRESSIVE;
				CLANG_CXX_LANGUAGE_STANDARD = "gnu++14";
				CLANG_CXX_LIBRARY = "libc++";
				CLANG_ENABLE_MODULES = YES;
				CLANG_ENABLE_OBJC_ARC = YES;
				CLANG_WARN_BLOCK_CAPTURE_AUTORELEASING = YES;
				CLANG_WARN_BOOL_CONVERSION = YES;
				CLANG_WARN_COMMA = YES;
				CLANG_WARN_CONSTANT_CONVERSION = YES;
				CLANG_WARN_DIRECT_OBJC_ISA_USAGE = YES_ERROR;
				CLANG_WARN_DOCUMENTATION_COMMENTS = YES;
				CLANG_WARN_EMPTY_BODY = YES;
				CLANG_WARN_ENUM_CONVERSION = YES;
				CLANG_WARN_INFINITE_RECURSION = YES;
				CLANG_WARN_INT_CONVERSION = YES;
				CLANG_WARN_NON_LITERAL_NULL_CONVERSION = YES;
				CLANG_WARN_OBJC_LITERAL_CONVERSION = YES;
				CLANG_WARN_OBJC_ROOT_CLASS = YES_ERROR;
				CLANG_WARN_RANGE_LOOP_ANALYSIS = YES;
				CLANG_WARN_STRICT_PROTOTYPES = YES;
				CLANG_WARN_SUSPICIOUS_MOVE = YES;
				CLANG_WARN_UNGUARDED_AVAILABILITY = YES_AGGRESSIVE;
				CLANG_WARN_UNREACHABLE_CODE = YES;
				CLANG_WARN__DUPLICATE_METHOD_MATCH = YES;
				CODE_SIGN_IDENTITY = "iPhone Developer";
				COPY_PHASE_STRIP = NO;
				DEBUG_INFORMATION_FORMAT = "dwarf-with-dsym";
				ENABLE_NS_ASSERTIONS = NO;
				ENABLE_STRICT_OBJC_MSGSEND = YES;
				GCC_C_LANGUAGE_STANDARD = gnu11;
				GCC_NO_COMMON_BLOCKS = YES;
				GCC_WARN_64_TO_32_BIT_CONVERSION = YES;
				GCC_WARN_ABOUT_RETURN_TYPE = YES_ERROR;
				GCC_WARN_UNDECLARED_SELECTOR = YES;
				GCC_WARN_UNINITIALIZED_AUTOS = YES_AGGRESSIVE;
				GCC_WARN_UNUSED_FUNCTION = YES;
				GCC_WARN_UNUSED_VARIABLE = YES;
				IPHONEOS_DEPLOYMENT_TARGET = 11.0;
				MTL_ENABLE_DEBUG_INFO = NO;
				SDKROOT = iphoneos;
				SWIFT_OPTIMIZATION_LEVEL = "-Owholemodule";
				VALIDATE_PRODUCT = YES;
			};
			name = Release;
		};
		42BFCC801F79FC1100C0986D /* Debug */ = {
			isa = XCBuildConfiguration;
			buildSettings = {
				ASSETCATALOG_COMPILER_APPICON_NAME = AppIcon;
				CODE_SIGN_STYLE = Automatic;
				INFOPLIST_FILE = "app swoosh/Info.plist";
				LD_RUNPATH_SEARCH_PATHS = "$(inherited) @executable_path/Frameworks";
				PRODUCT_BUNDLE_IDENTIFIER = "wild.app-swoosh";
				PRODUCT_NAME = "$(TARGET_NAME)";
				SWIFT_VERSION = 4.0;
				TARGETED_DEVICE_FAMILY = "1,2";
			};
			name = Debug;
		};
		42BFCC811F79FC1100C0986D /* Release */ = {
			isa = XCBuildConfiguration;
			buildSettings = {
				ASSETCATALOG_COMPILER_APPICON_NAME = AppIcon;
				CODE_SIGN_STYLE = Automatic;
				INFOPLIST_FILE = "app swoosh/Info.plist";
				LD_RUNPATH_SEARCH_PATHS = "$(inherited) @executable_path/Frameworks";
				PRODUCT_BUNDLE_IDENTIFIER = "wild.app-swoosh";
				PRODUCT_NAME = "$(TARGET_NAME)";
				SWIFT_VERSION = 4.0;
				TARGETED_DEVICE_FAMILY = "1,2";
			};
			name = Release;
		};
/* End XCBuildConfiguration section */

/* Begin XCConfigurationList section */
		42BFCC681F79FC1100C0986D /* Build configuration list for PBXProject "app swoosh" */ = {
			isa = XCConfigurationList;
			buildConfigurations = (
				42BFCC7D1F79FC1100C0986D /* Debug */,
				42BFCC7E1F79FC1100C0986D /* Release */,
			);
			defaultConfigurationIsVisible = 0;
			defaultConfigurationName = Release;
		};
		42BFCC7F1F79FC1100C0986D /* Build configuration list for PBXNativeTarget "app swoosh" */ = {
			isa = XCConfigurationList;
			buildConfigurations = (
				42BFCC801F79FC1100C0986D /* Debug */,
				42BFCC811F79FC1100C0986D /* Release */,
			);
			defaultConfigurationIsVisible = 0;
			defaultConfigurationName = Release;
		};
/* End XCConfigurationList section */
	};
	rootObject = 42BFCC651F79FC1100C0986D /* Project object */;
}
